
Microsoft Visual Studio Solution File, Format Version 12.00
# Visual Studio 14
VisualStudioVersion = 14.0.25123.0
MinimumVisualStudioVersion = 10.0.40219.1
Project("{8BC9CEB8-8B4A-11D0-8D11-00A0C91BC942}") = "Graphics", "Graphics.vcxproj", "{0ECDDB63-F613-4491-B3F0-A9532AE98E42}"
	ProjectSection(ProjectDependencies) = postProject
		{768F0C6A-D6A2-40B1-8748-EF792067B9A9} = {768F0C6A-D6A2-40B1-8748-EF792067B9A9}
	EndProjectSection
EndProject
Project("{8BC9CEB8-8B4A-11D0-8D11-00A0C91BC942}") = "01-HelloTriangle", "tests\01-HelloTriangle\01-HelloTriangle.vcxproj", "{C3F1CA09-158D-4F01-8446-2542E8D27BBA}"
	ProjectSection(ProjectDependencies) = postProject
		{0ECDDB63-F613-4491-B3F0-A9532AE98E42} = {0ECDDB63-F613-4491-B3F0-A9532AE98E42}
	EndProjectSection
EndProject
Project("{8BC9CEB8-8B4A-11D0-8D11-00A0C91BC942}") = "UniTex", "tests\UniTex\UniTex.vcxproj", "{F83F7ABC-EE9E-4664-8D5C-3610ED752A82}"
	ProjectSection(ProjectDependencies) = postProject
		{0ECDDB63-F613-4491-B3F0-A9532AE98E42} = {0ECDDB63-F613-4491-B3F0-A9532AE98E42}
	EndProjectSection
EndProject
Project("{8BC9CEB8-8B4A-11D0-8D11-00A0C91BC942}") = "03-drawT", "03-drawT\03-drawT.vcxproj", "{3566E894-0996-4A18-AE4C-7E4C2F6F884B}"
	ProjectSection(ProjectDependencies) = postProject
		{0ECDDB63-F613-4491-B3F0-A9532AE98E42} = {0ECDDB63-F613-4491-B3F0-A9532AE98E42}
		{F83F7ABC-EE9E-4664-8D5C-3610ED752A82} = {F83F7ABC-EE9E-4664-8D5C-3610ED752A82}
	EndProjectSection
EndProject
Project("{8BC9CEB8-8B4A-11D0-8D11-00A0C91BC942}") = "04-FromDisk", "tests\04-FromDisk\04-FromDisk.vcxproj", "{EF269F5A-2093-4D12-91A5-CAEFC9A00D74}"
	ProjectSection(ProjectDependencies) = postProject
		{0ECDDB63-F613-4491-B3F0-A9532AE98E42} = {0ECDDB63-F613-4491-B3F0-A9532AE98E42}
	EndProjectSection
EndProject
Project("{8BC9CEB8-8B4A-11D0-8D11-00A0C91BC942}") = "shaders", "resources\shaders\shaders.vcxproj", "{768F0C6A-D6A2-40B1-8748-EF792067B9A9}"
EndProject
Project("{8BC9CEB8-8B4A-11D0-8D11-00A0C91BC942}") = "05-MVP", "tests\05-MVP\05-MVP.vcxproj", "{F8878A16-64B0-4721-AB39-BA6122D2645D}"
	ProjectSection(ProjectDependencies) = postProject
		{0ECDDB63-F613-4491-B3F0-A9532AE98E42} = {0ECDDB63-F613-4491-B3F0-A9532AE98E42}
	EndProjectSection
EndProject
Project("{8BC9CEB8-8B4A-11D0-8D11-00A0C91BC942}") = "06-Lights", "06-Lights\06-Lights.vcxproj", "{37429BC2-8B8F-41D7-B993-03E8D51E9673}"
	ProjectSection(ProjectDependencies) = postProject
		{0ECDDB63-F613-4491-B3F0-A9532AE98E42} = {0ECDDB63-F613-4491-B3F0-A9532AE98E42}
	EndProjectSection
EndProject
Project("{8BC9CEB8-8B4A-11D0-8D11-00A0C91BC942}") = "07-Material", "tests\07-Material\07-Material.vcxproj", "{D202C8C6-ADE9-44CC-BDFF-9F087AED8216}"
	ProjectSection(ProjectDependencies) = postProject
		{0ECDDB63-F613-4491-B3F0-A9532AE98E42} = {0ECDDB63-F613-4491-B3F0-A9532AE98E42}
	EndProjectSection
EndProject
Project("{8BC9CEB8-8B4A-11D0-8D11-00A0C91BC942}") = "09-Shadows", "tests\09-Shadows\09-Shadows.vcxproj", "{96A1A7AD-8D69-4E2D-BA6C-E4C62433008C}"
	ProjectSection(ProjectDependencies) = postProject
		{0ECDDB63-F613-4491-B3F0-A9532AE98E42} = {0ECDDB63-F613-4491-B3F0-A9532AE98E42}
	EndProjectSection
EndProject
Global
	GlobalSection(SolutionConfigurationPlatforms) = preSolution
		Debug|Any CPU = Debug|Any CPU
		Debug|x64 = Debug|x64
		Debug|x86 = Debug|x86
		Release|Any CPU = Release|Any CPU
		Release|x64 = Release|x64
		Release|x86 = Release|x86
	EndGlobalSection
	GlobalSection(ProjectConfigurationPlatforms) = postSolution
		{0ECDDB63-F613-4491-B3F0-A9532AE98E42}.Debug|Any CPU.ActiveCfg = Debug|Win32
		{0ECDDB63-F613-4491-B3F0-A9532AE98E42}.Debug|x64.ActiveCfg = Debug|x64
		{0ECDDB63-F613-4491-B3F0-A9532AE98E42}.Debug|x64.Build.0 = Debug|x64
		{0ECDDB63-F613-4491-B3F0-A9532AE98E42}.Debug|x86.ActiveCfg = Debug|Win32
		{0ECDDB63-F613-4491-B3F0-A9532AE98E42}.Debug|x86.Build.0 = Debug|Win32
		{0ECDDB63-F613-4491-B3F0-A9532AE98E42}.Release|Any CPU.ActiveCfg = Release|Win32
		{0ECDDB63-F613-4491-B3F0-A9532AE98E42}.Release|x64.ActiveCfg = Release|x64
		{0ECDDB63-F613-4491-B3F0-A9532AE98E42}.Release|x64.Build.0 = Release|x64
		{0ECDDB63-F613-4491-B3F0-A9532AE98E42}.Release|x86.ActiveCfg = Release|Win32
		{0ECDDB63-F613-4491-B3F0-A9532AE98E42}.Release|x86.Build.0 = Release|Win32
		{C3F1CA09-158D-4F01-8446-2542E8D27BBA}.Debug|Any CPU.ActiveCfg = Debug|Win32
		{C3F1CA09-158D-4F01-8446-2542E8D27BBA}.Debug|x64.ActiveCfg = Debug|x64
		{C3F1CA09-158D-4F01-8446-2542E8D27BBA}.Debug|x64.Build.0 = Debug|x64
		{C3F1CA09-158D-4F01-8446-2542E8D27BBA}.Debug|x86.ActiveCfg = Debug|Win32
		{C3F1CA09-158D-4F01-8446-2542E8D27BBA}.Debug|x86.Build.0 = Debug|Win32
		{C3F1CA09-158D-4F01-8446-2542E8D27BBA}.Release|Any CPU.ActiveCfg = Release|Win32
		{C3F1CA09-158D-4F01-8446-2542E8D27BBA}.Release|x64.ActiveCfg = Release|x64
		{C3F1CA09-158D-4F01-8446-2542E8D27BBA}.Release|x64.Build.0 = Release|x64
		{C3F1CA09-158D-4F01-8446-2542E8D27BBA}.Release|x86.ActiveCfg = Release|Win32
		{C3F1CA09-158D-4F01-8446-2542E8D27BBA}.Release|x86.Build.0 = Release|Win32
		{F83F7ABC-EE9E-4664-8D5C-3610ED752A82}.Debug|Any CPU.ActiveCfg = Debug|Win32
		{F83F7ABC-EE9E-4664-8D5C-3610ED752A82}.Debug|x64.ActiveCfg = Debug|x64
		{F83F7ABC-EE9E-4664-8D5C-3610ED752A82}.Debug|x64.Build.0 = Debug|x64
		{F83F7ABC-EE9E-4664-8D5C-3610ED752A82}.Debug|x86.ActiveCfg = Debug|Win32
		{F83F7ABC-EE9E-4664-8D5C-3610ED752A82}.Debug|x86.Build.0 = Debug|Win32
		{F83F7ABC-EE9E-4664-8D5C-3610ED752A82}.Release|Any CPU.ActiveCfg = Release|Win32
		{F83F7ABC-EE9E-4664-8D5C-3610ED752A82}.Release|x64.ActiveCfg = Release|x64
		{F83F7ABC-EE9E-4664-8D5C-3610ED752A82}.Release|x64.Build.0 = Release|x64
		{F83F7ABC-EE9E-4664-8D5C-3610ED752A82}.Release|x86.ActiveCfg = Release|Win32
		{F83F7ABC-EE9E-4664-8D5C-3610ED752A82}.Release|x86.Build.0 = Release|Win32
		{3566E894-0996-4A18-AE4C-7E4C2F6F884B}.Debug|Any CPU.ActiveCfg = Debug|Win32
		{3566E894-0996-4A18-AE4C-7E4C2F6F884B}.Debug|x64.ActiveCfg = Debug|x64
		{3566E894-0996-4A18-AE4C-7E4C2F6F884B}.Debug|x64.Build.0 = Debug|x64
		{3566E894-0996-4A18-AE4C-7E4C2F6F884B}.Debug|x86.ActiveCfg = Debug|Win32
		{3566E894-0996-4A18-AE4C-7E4C2F6F884B}.Debug|x86.Build.0 = Debug|Win32
		{3566E894-0996-4A18-AE4C-7E4C2F6F884B}.Release|Any CPU.ActiveCfg = Release|Win32
		{3566E894-0996-4A18-AE4C-7E4C2F6F884B}.Release|x64.ActiveCfg = Release|x64
		{3566E894-0996-4A18-AE4C-7E4C2F6F884B}.Release|x64.Build.0 = Release|x64
		{3566E894-0996-4A18-AE4C-7E4C2F6F884B}.Release|x86.ActiveCfg = Release|Win32
		{3566E894-0996-4A18-AE4C-7E4C2F6F884B}.Release|x86.Build.0 = Release|Win32
		{EF269F5A-2093-4D12-91A5-CAEFC9A00D74}.Debug|Any CPU.ActiveCfg = Debug|Win32
		{EF269F5A-2093-4D12-91A5-CAEFC9A00D74}.Debug|x64.ActiveCfg = Debug|x64
		{EF269F5A-2093-4D12-91A5-CAEFC9A00D74}.Debug|x64.Build.0 = Debug|x64
		{EF269F5A-2093-4D12-91A5-CAEFC9A00D74}.Debug|x86.ActiveCfg = Debug|Win32
		{EF269F5A-2093-4D12-91A5-CAEFC9A00D74}.Debug|x86.Build.0 = Debug|Win32
		{EF269F5A-2093-4D12-91A5-CAEFC9A00D74}.Release|Any CPU.ActiveCfg = Release|Win32
		{EF269F5A-2093-4D12-91A5-CAEFC9A00D74}.Release|x64.ActiveCfg = Release|x64
		{EF269F5A-2093-4D12-91A5-CAEFC9A00D74}.Release|x64.Build.0 = Release|x64
		{EF269F5A-2093-4D12-91A5-CAEFC9A00D74}.Release|x86.ActiveCfg = Release|Win32
		{EF269F5A-2093-4D12-91A5-CAEFC9A00D74}.Release|x86.Build.0 = Release|Win32
		{768F0C6A-D6A2-40B1-8748-EF792067B9A9}.Debug|Any CPU.ActiveCfg = Debug|Win32
		{768F0C6A-D6A2-40B1-8748-EF792067B9A9}.Debug|x64.ActiveCfg = Debug|x64
		{768F0C6A-D6A2-40B1-8748-EF792067B9A9}.Debug|x64.Build.0 = Debug|x64
		{768F0C6A-D6A2-40B1-8748-EF792067B9A9}.Debug|x86.ActiveCfg = Debug|Win32
		{768F0C6A-D6A2-40B1-8748-EF792067B9A9}.Debug|x86.Build.0 = Debug|Win32
		{768F0C6A-D6A2-40B1-8748-EF792067B9A9}.Release|Any CPU.ActiveCfg = Release|Win32
		{768F0C6A-D6A2-40B1-8748-EF792067B9A9}.Release|x64.ActiveCfg = Release|x64
		{768F0C6A-D6A2-40B1-8748-EF792067B9A9}.Release|x64.Build.0 = Release|x64
		{768F0C6A-D6A2-40B1-8748-EF792067B9A9}.Release|x86.ActiveCfg = Release|Win32
		{768F0C6A-D6A2-40B1-8748-EF792067B9A9}.Release|x86.Build.0 = Release|Win32
		{F8878A16-64B0-4721-AB39-BA6122D2645D}.Debug|Any CPU.ActiveCfg = Debug|Win32
		{F8878A16-64B0-4721-AB39-BA6122D2645D}.Debug|x64.ActiveCfg = Debug|x64
		{F8878A16-64B0-4721-AB39-BA6122D2645D}.Debug|x64.Build.0 = Debug|x64
		{F8878A16-64B0-4721-AB39-BA6122D2645D}.Debug|x86.ActiveCfg = Debug|Win32
		{F8878A16-64B0-4721-AB39-BA6122D2645D}.Debug|x86.Build.0 = Debug|Win32
		{F8878A16-64B0-4721-AB39-BA6122D2645D}.Release|Any CPU.ActiveCfg = Release|Win32
		{F8878A16-64B0-4721-AB39-BA6122D2645D}.Release|x64.ActiveCfg = Release|x64
		{F8878A16-64B0-4721-AB39-BA6122D2645D}.Release|x64.Build.0 = Release|x64
		{F8878A16-64B0-4721-AB39-BA6122D2645D}.Release|x86.ActiveCfg = Release|Win32
		{F8878A16-64B0-4721-AB39-BA6122D2645D}.Release|x86.Build.0 = Release|Win32
		{37429BC2-8B8F-41D7-B993-03E8D51E9673}.Debug|Any CPU.ActiveCfg = Debug|Win32
		{37429BC2-8B8F-41D7-B993-03E8D51E9673}.Debug|x64.ActiveCfg = Debug|x64
		{37429BC2-8B8F-41D7-B993-03E8D51E9673}.Debug|x64.Build.0 = Debug|x64
		{37429BC2-8B8F-41D7-B993-03E8D51E9673}.Debug|x86.ActiveCfg = Debug|Win32
		{37429BC2-8B8F-41D7-B993-03E8D51E9673}.Debug|x86.Build.0 = Debug|Win32
		{37429BC2-8B8F-41D7-B993-03E8D51E9673}.Release|Any CPU.ActiveCfg = Release|Win32
		{37429BC2-8B8F-41D7-B993-03E8D51E9673}.Release|x64.ActiveCfg = Release|x64
		{37429BC2-8B8F-41D7-B993-03E8D51E9673}.Release|x64.Build.0 = Release|x64
		{37429BC2-8B8F-41D7-B993-03E8D51E9673}.Release|x86.ActiveCfg = Release|Win32
		{37429BC2-8B8F-41D7-B993-03E8D51E9673}.Release|x86.Build.0 = Release|Win32
		{D202C8C6-ADE9-44CC-BDFF-9F087AED8216}.Debug|Any CPU.ActiveCfg = Debug|Win32
		{D202C8C6-ADE9-44CC-BDFF-9F087AED8216}.Debug|x64.ActiveCfg = Debug|x64
		{D202C8C6-ADE9-44CC-BDFF-9F087AED8216}.Debug|x64.Build.0 = Debug|x64
		{D202C8C6-ADE9-44CC-BDFF-9F087AED8216}.Debug|x86.ActiveCfg = Debug|Win32
		{D202C8C6-ADE9-44CC-BDFF-9F087AED8216}.Debug|x86.Build.0 = Debug|Win32
		{D202C8C6-ADE9-44CC-BDFF-9F087AED8216}.Release|Any CPU.ActiveCfg = Release|Win32
		{D202C8C6-ADE9-44CC-BDFF-9F087AED8216}.Release|x64.ActiveCfg = Release|x64
		{D202C8C6-ADE9-44CC-BDFF-9F087AED8216}.Release|x64.Build.0 = Release|x64
		{D202C8C6-ADE9-44CC-BDFF-9F087AED8216}.Release|x86.ActiveCfg = Release|Win32
		{D202C8C6-ADE9-44CC-BDFF-9F087AED8216}.Release|x86.Build.0 = Release|Win32
		{96A1A7AD-8D69-4E2D-BA6C-E4C62433008C}.Debug|Any CPU.ActiveCfg = Debug|Win32
		{96A1A7AD-8D69-4E2D-BA6C-E4C62433008C}.Debug|x64.ActiveCfg = Debug|x64
		{96A1A7AD-8D69-4E2D-BA6C-E4C62433008C}.Debug|x64.Build.0 = Debug|x64
		{96A1A7AD-8D69-4E2D-BA6C-E4C62433008C}.Debug|x86.ActiveCfg = Debug|Win32
		{96A1A7AD-8D69-4E2D-BA6C-E4C62433008C}.Debug|x86.Build.0 = Debug|Win32
		{96A1A7AD-8D69-4E2D-BA6C-E4C62433008C}.Release|Any CPU.ActiveCfg = Release|Win32
		{96A1A7AD-8D69-4E2D-BA6C-E4C62433008C}.Release|x64.ActiveCfg = Release|x64
		{96A1A7AD-8D69-4E2D-BA6C-E4C62433008C}.Release|x64.Build.0 = Release|x64
		{96A1A7AD-8D69-4E2D-BA6C-E4C62433008C}.Release|x86.ActiveCfg = Release|Win32
		{96A1A7AD-8D69-4E2D-BA6C-E4C62433008C}.Release|x86.Build.0 = Release|Win32
	EndGlobalSection
	GlobalSection(SolutionProperties) = preSolution
		HideSolutionNode = FALSE
	EndGlobalSection
EndGlobal
